# 빌드 재현용 정확 핀(전이 의존성 포함) — 검증된 조합(빌드 머신 기준, Python 3.14 / Windows x64).
# 갱신: 새 조합 검증 후 `pip freeze` 결과에서 아래 트리 항목만 반영.
# 설치: pip install -r requirements.lock
#
# 직접 의존성
PyQt5==5.15.11
openpyxl==3.1.5
python-calamine==0.7.0
orjson==3.11.9
lxml==6.1.0
pyinstaller==6.20.0
#
# 전이 의존성(빌드/런타임에 실제 로드됨 — 재현성 위해 고정)
PyQt5-Qt5==5.15.2
PyQt5_sip==12.18.0
et-xmlfile==2.0.0
pyinstaller-hooks-contrib==2026.4
altgraph==0.17.5
packaging==26.2
pefile==2024.8.26
pywin32-ctypes==0.2.3
